// !$*UTF8*$!
{
	archiveVersion = 1;
	classes = {
	};
	objectVersion = 46;
	objects = {

/* Begin PBXBuildFile section */
		27F2E0195C0A4CC3D57C60FD /* FileTest.m in Sources */ = {isa = PBXBuildFile; fileRef = 27F2E22B2FFF3122F1CDEA60 /* FileTest.m */; };
		27F2E0637105682525BF88B4 /* BaasioFile.m in Sources */ = {isa = PBXBuildFile; fileRef = 27F2E73FD4A3C015370DF7A3 /* BaasioFile.m */; };
		27F2E1F9925413D92226BBDA /* QueryTest.m in Sources */ = {isa = PBXBuildFile; fileRef = 27F2E0CBDFE8F7046AE9CD5A /* QueryTest.m */; };
		27F2E4A35AD03BDF2A1A9910 /* BaasioResponse.m in Sources */ = {isa = PBXBuildFile; fileRef = 27F2E04671874480B3D59873 /* BaasioResponse.m */; };
		27F2E88853FB7BECDC14F23C /* Baas.h in CopyFiles */ = {isa = PBXBuildFile; fileRef = 27F2E2A118B72209D0AB96AF /* Baas.h */; };
		27F2E8F0565C911B20E307BE /* BaasioFile.h in CopyFiles */ = {isa = PBXBuildFile; fileRef = 27F2EC430E1D01B6CAEE6DF4 /* BaasioFile.h */; };
		27F2EBB68B17F0A0788E3393 /* BaasioPush.h in CopyFiles */ = {isa = PBXBuildFile; fileRef = 27F2E4EEDBB127A400CFBA8C /* BaasioPush.h */; };
		27F2EC15535C57DE1BB54EC2 /* PushTest.m in Sources */ = {isa = PBXBuildFile; fileRef = 27F2E9910E5CEEFE958FAF32 /* PushTest.m */; };
		27F2EF1CA361D24482B8CDE9 /* BaasioPush.m in Sources */ = {isa = PBXBuildFile; fileRef = 27F2EE6A9471C3869236C589 /* BaasioPush.m */; };
		AF244A9016772041009524B8 /* BaasioGroup.m in Sources */ = {isa = PBXBuildFile; fileRef = AF244A8F16772041009524B8 /* BaasioGroup.m */; };
		AF26A27F166667F5006A7225 /* JSONKit.m in Sources */ = {isa = PBXBuildFile; fileRef = AFB9E418165A2D850021AA4C /* JSONKit.m */; settings = {COMPILER_FLAGS = "-fno-objc-arc"; }; };
		AF515B5E16703F930005F743 /* BaasioMessage.m in Sources */ = {isa = PBXBuildFile; fileRef = AF515B5D16703F930005F743 /* BaasioMessage.m */; };
		AFA3616D1676BB31009D852F /* BaasioFileOptions.m in Sources */ = {isa = PBXBuildFile; fileRef = AFA3616C1676BB31009D852F /* BaasioFileOptions.m */; };
		AFB9E3E9165A2BDC0021AA4C /* Baasio.m in Sources */ = {isa = PBXBuildFile; fileRef = AFB9E3E2165A2BDC0021AA4C /* Baasio.m */; };
		AFB9E3EA165A2BDC0021AA4C /* BaasioEntity.m in Sources */ = {isa = PBXBuildFile; fileRef = AFB9E3E4165A2BDC0021AA4C /* BaasioEntity.m */; };
		AFB9E3EB165A2BDC0021AA4C /* BaasioQuery.m in Sources */ = {isa = PBXBuildFile; fileRef = AFB9E3E6165A2BDC0021AA4C /* BaasioQuery.m */; };
		AFB9E3EC165A2BDC0021AA4C /* BaasioUser.m in Sources */ = {isa = PBXBuildFile; fileRef = AFB9E3E8165A2BDC0021AA4C /* BaasioUser.m */; };
		AFB9E3F2165A2BE20021AA4C /* EntityTest.m in Sources */ = {isa = PBXBuildFile; fileRef = AFB9E3EF165A2BE20021AA4C /* EntityTest.m */; };
		AFB9E3F3165A2BE20021AA4C /* UserTest.m in Sources */ = {isa = PBXBuildFile; fileRef = AFB9E3F1165A2BE20021AA4C /* UserTest.m */; };
		AFB9E40E165A2D7B0021AA4C /* AFHTTPClient.m in Sources */ = {isa = PBXBuildFile; fileRef = AFB9E3FC165A2D7B0021AA4C /* AFHTTPClient.m */; };
		AFB9E40F165A2D7B0021AA4C /* AFHTTPRequestOperation.m in Sources */ = {isa = PBXBuildFile; fileRef = AFB9E3FE165A2D7B0021AA4C /* AFHTTPRequestOperation.m */; };
		AFB9E410165A2D7B0021AA4C /* AFImageRequestOperation.m in Sources */ = {isa = PBXBuildFile; fileRef = AFB9E400165A2D7B0021AA4C /* AFImageRequestOperation.m */; };
		AFB9E411165A2D7B0021AA4C /* AFJSONRequestOperation.m in Sources */ = {isa = PBXBuildFile; fileRef = AFB9E402165A2D7B0021AA4C /* AFJSONRequestOperation.m */; };
		AFB9E412165A2D7B0021AA4C /* AFNetworkActivityIndicatorManager.m in Sources */ = {isa = PBXBuildFile; fileRef = AFB9E404165A2D7B0021AA4C /* AFNetworkActivityIndicatorManager.m */; };
		AFB9E413165A2D7B0021AA4C /* AFPropertyListRequestOperation.m in Sources */ = {isa = PBXBuildFile; fileRef = AFB9E407165A2D7B0021AA4C /* AFPropertyListRequestOperation.m */; };
		AFB9E414165A2D7B0021AA4C /* AFURLConnectionOperation.m in Sources */ = {isa = PBXBuildFile; fileRef = AFB9E409165A2D7B0021AA4C /* AFURLConnectionOperation.m */; };
		AFB9E415165A2D7B0021AA4C /* AFXMLRequestOperation.m in Sources */ = {isa = PBXBuildFile; fileRef = AFB9E40B165A2D7B0021AA4C /* AFXMLRequestOperation.m */; };
		AFB9E416165A2D7B0021AA4C /* UIImageView+AFNetworking.m in Sources */ = {isa = PBXBuildFile; fileRef = AFB9E40D165A2D7B0021AA4C /* UIImageView+AFNetworking.m */; };
		AFB9E419165A2D850021AA4C /* JSONKit.m in Sources */ = {isa = PBXBuildFile; fileRef = AFB9E418165A2D850021AA4C /* JSONKit.m */; settings = {COMPILER_FLAGS = "-fno-objc-arc"; }; };
		AFD93F0B165A2B0E00FC9ED0 /* Foundation.framework in Frameworks */ = {isa = PBXBuildFile; fileRef = AFD93F0A165A2B0E00FC9ED0 /* Foundation.framework */; };
		AFD93F1A165A2B0E00FC9ED0 /* SenTestingKit.framework in Frameworks */ = {isa = PBXBuildFile; fileRef = AFD93F19165A2B0E00FC9ED0 /* SenTestingKit.framework */; };
		AFD93F1D165A2B0E00FC9ED0 /* Foundation.framework in Frameworks */ = {isa = PBXBuildFile; fileRef = AFD93F0A165A2B0E00FC9ED0 /* Foundation.framework */; };
		AFD93F20165A2B0E00FC9ED0 /* libbaas.io-ios-sdk.a in Frameworks */ = {isa = PBXBuildFile; fileRef = AFD93F07165A2B0E00FC9ED0 /* libbaas.io-ios-sdk.a */; };
		AFD93F26165A2B0E00FC9ED0 /* InfoPlist.strings in Resources */ = {isa = PBXBuildFile; fileRef = AFD93F24165A2B0E00FC9ED0 /* InfoPlist.strings */; };
		AFF46360166E2C4800866306 /* UIKit.framework in Frameworks */ = {isa = PBXBuildFile; fileRef = AF429CCA165B4B0E001C78B5 /* UIKit.framework */; };
		AFF46361166E2C5100866306 /* UIKit.framework in Frameworks */ = {isa = PBXBuildFile; fileRef = AF429CCA165B4B0E001C78B5 /* UIKit.framework */; };
		AFF46362166E2C6C00866306 /* SystemConfiguration.framework in Frameworks */ = {isa = PBXBuildFile; fileRef = AF4FDDA3166E28CF0048310C /* SystemConfiguration.framework */; };
		AFF46363166E2C7100866306 /* MobileCoreServices.framework in Frameworks */ = {isa = PBXBuildFile; fileRef = AF4FDDA5166E28E80048310C /* MobileCoreServices.framework */; };
		AFF46364166E2C8700866306 /* SystemConfiguration.framework in Frameworks */ = {isa = PBXBuildFile; fileRef = AF4FDDA3166E28CF0048310C /* SystemConfiguration.framework */; };
		AFF46365166E2C8C00866306 /* MobileCoreServices.framework in Frameworks */ = {isa = PBXBuildFile; fileRef = AF4FDDA5166E28E80048310C /* MobileCoreServices.framework */; };
/* End PBXBuildFile section */

/* Begin PBXContainerItemProxy section */
		AFD93F1E165A2B0E00FC9ED0 /* PBXContainerItemProxy */ = {
			isa = PBXContainerItemProxy;
			containerPortal = AFD93EFE165A2B0E00FC9ED0 /* Project object */;
			proxyType = 1;
			remoteGlobalIDString = AFD93F06165A2B0E00FC9ED0;
			remoteInfo = "baas.io-ios-sdk";
		};
/* End PBXContainerItemProxy section */

/* Begin PBXCopyFilesBuildPhase section */
		AFD93F05165A2B0E00FC9ED0 /* CopyFiles */ = {
			isa = PBXCopyFilesBuildPhase;
			buildActionMask = 2147483647;
			dstPath = "include/${PRODUCT_NAME}";
			dstSubfolderSpec = 16;
			files = (
				27F2EBB68B17F0A0788E3393 /* BaasioPush.h in CopyFiles */,
				27F2E8F0565C911B20E307BE /* BaasioFile.h in CopyFiles */,
				27F2E88853FB7BECDC14F23C /* Baas.h in CopyFiles */,
			);
			runOnlyForDeploymentPostprocessing = 0;
		};
/* End PBXCopyFilesBuildPhase section */

/* Begin PBXFileReference section */
		27F2E04671874480B3D59873 /* BaasioResponse.m */ = {isa = PBXFileReference; fileEncoding = 4; lastKnownFileType = sourcecode.c.objc; path = BaasioResponse.m; sourceTree = "<group>"; };
		27F2E0CBDFE8F7046AE9CD5A /* QueryTest.m */ = {isa = PBXFileReference; fileEncoding = 4; lastKnownFileType = sourcecode.c.objc; path = QueryTest.m; sourceTree = "<group>"; };
		27F2E22B2FFF3122F1CDEA60 /* FileTest.m */ = {isa = PBXFileReference; fileEncoding = 4; lastKnownFileType = sourcecode.c.objc; path = FileTest.m; sourceTree = "<group>"; };
		27F2E2A118B72209D0AB96AF /* Baas.h */ = {isa = PBXFileReference; fileEncoding = 4; lastKnownFileType = sourcecode.c.h; path = Baas.h; sourceTree = "<group>"; };
		27F2E2C9DCA5E3A2FD760F2F /* BaasioResponse.h */ = {isa = PBXFileReference; fileEncoding = 4; lastKnownFileType = sourcecode.c.h; path = BaasioResponse.h; sourceTree = "<group>"; };
		27F2E4EEDBB127A400CFBA8C /* BaasioPush.h */ = {isa = PBXFileReference; fileEncoding = 4; lastKnownFileType = sourcecode.c.h; path = BaasioPush.h; sourceTree = "<group>"; };
		27F2E5AE3D9F8C239E74D737 /* QueryTest.h */ = {isa = PBXFileReference; fileEncoding = 4; lastKnownFileType = sourcecode.c.h; path = QueryTest.h; sourceTree = "<group>"; };
		27F2E73FD4A3C015370DF7A3 /* BaasioFile.m */ = {isa = PBXFileReference; fileEncoding = 4; lastKnownFileType = sourcecode.c.objc; path = BaasioFile.m; sourceTree = "<group>"; };
		27F2E94830BD93C460528B68 /* PushTest.h */ = {isa = PBXFileReference; fileEncoding = 4; lastKnownFileType = sourcecode.c.h; path = PushTest.h; sourceTree = "<group>"; };
		27F2E9910E5CEEFE958FAF32 /* PushTest.m */ = {isa = PBXFileReference; fileEncoding = 4; lastKnownFileType = sourcecode.c.objc; path = PushTest.m; sourceTree = "<group>"; };
		27F2EC430E1D01B6CAEE6DF4 /* BaasioFile.h */ = {isa = PBXFileReference; fileEncoding = 4; lastKnownFileType = sourcecode.c.h; path = BaasioFile.h; sourceTree = "<group>"; };
		27F2EDE6DD9FE4D30839706E /* FileTest.h */ = {isa = PBXFileReference; fileEncoding = 4; lastKnownFileType = sourcecode.c.h; path = FileTest.h; sourceTree = "<group>"; };
		27F2EE6A9471C3869236C589 /* BaasioPush.m */ = {isa = PBXFileReference; fileEncoding = 4; lastKnownFileType = sourcecode.c.objc; path = BaasioPush.m; sourceTree = "<group>"; };
		AF244A8E16772041009524B8 /* BaasioGroup.h */ = {isa = PBXFileReference; fileEncoding = 4; lastKnownFileType = sourcecode.c.h; path = BaasioGroup.h; sourceTree = "<group>"; };
		AF244A8F16772041009524B8 /* BaasioGroup.m */ = {isa = PBXFileReference; fileEncoding = 4; lastKnownFileType = sourcecode.c.objc; path = BaasioGroup.m; sourceTree = "<group>"; };
		AF429CCA165B4B0E001C78B5 /* UIKit.framework */ = {isa = PBXFileReference; lastKnownFileType = wrapper.framework; name = UIKit.framework; path = System/Library/Frameworks/UIKit.framework; sourceTree = SDKROOT; };
		AF4FDDA3166E28CF0048310C /* SystemConfiguration.framework */ = {isa = PBXFileReference; lastKnownFileType = wrapper.framework; name = SystemConfiguration.framework; path = System/Library/Frameworks/SystemConfiguration.framework; sourceTree = SDKROOT; };
		AF4FDDA5166E28E80048310C /* MobileCoreServices.framework */ = {isa = PBXFileReference; lastKnownFileType = wrapper.framework; name = MobileCoreServices.framework; path = System/Library/Frameworks/MobileCoreServices.framework; sourceTree = SDKROOT; };
		AF515B5C16703F930005F743 /* BaasioMessage.h */ = {isa = PBXFileReference; fileEncoding = 4; lastKnownFileType = sourcecode.c.h; path = BaasioMessage.h; sourceTree = "<group>"; };
		AF515B5D16703F930005F743 /* BaasioMessage.m */ = {isa = PBXFileReference; fileEncoding = 4; lastKnownFileType = sourcecode.c.objc; path = BaasioMessage.m; sourceTree = "<group>"; };
		AFA32C22166C8A7A0076AEEC /* Baasio+Private.h */ = {isa = PBXFileReference; fileEncoding = 4; lastKnownFileType = sourcecode.c.h; path = "Baasio+Private.h"; sourceTree = "<group>"; };
		AFA3616B1676BB31009D852F /* BaasioFileOptions.h */ = {isa = PBXFileReference; fileEncoding = 4; lastKnownFileType = sourcecode.c.h; path = BaasioFileOptions.h; sourceTree = "<group>"; };
		AFA3616C1676BB31009D852F /* BaasioFileOptions.m */ = {isa = PBXFileReference; fileEncoding = 4; lastKnownFileType = sourcecode.c.objc; path = BaasioFileOptions.m; sourceTree = "<group>"; };
		AFB9E3E1165A2BDC0021AA4C /* Baasio.h */ = {isa = PBXFileReference; fileEncoding = 4; lastKnownFileType = sourcecode.c.h; path = Baasio.h; sourceTree = "<group>"; };
		AFB9E3E2165A2BDC0021AA4C /* Baasio.m */ = {isa = PBXFileReference; fileEncoding = 4; lastKnownFileType = sourcecode.c.objc; path = Baasio.m; sourceTree = "<group>"; };
		AFB9E3E3165A2BDC0021AA4C /* BaasioEntity.h */ = {isa = PBXFileReference; fileEncoding = 4; lastKnownFileType = sourcecode.c.h; path = BaasioEntity.h; sourceTree = "<group>"; };
		AFB9E3E4165A2BDC0021AA4C /* BaasioEntity.m */ = {isa = PBXFileReference; fileEncoding = 4; lastKnownFileType = sourcecode.c.objc; path = BaasioEntity.m; sourceTree = "<group>"; };
		AFB9E3E5165A2BDC0021AA4C /* BaasioQuery.h */ = {isa = PBXFileReference; fileEncoding = 4; lastKnownFileType = sourcecode.c.h; path = BaasioQuery.h; sourceTree = "<group>"; };
		AFB9E3E6165A2BDC0021AA4C /* BaasioQuery.m */ = {isa = PBXFileReference; fileEncoding = 4; lastKnownFileType = sourcecode.c.objc; path = BaasioQuery.m; sourceTree = "<group>"; };
		AFB9E3E7165A2BDC0021AA4C /* BaasioUser.h */ = {isa = PBXFileReference; fileEncoding = 4; lastKnownFileType = sourcecode.c.h; path = BaasioUser.h; sourceTree = "<group>"; };
		AFB9E3E8165A2BDC0021AA4C /* BaasioUser.m */ = {isa = PBXFileReference; fileEncoding = 4; lastKnownFileType = sourcecode.c.objc; path = BaasioUser.m; sourceTree = "<group>"; };
		AFB9E3EE165A2BE20021AA4C /* EntityTest.h */ = {isa = PBXFileReference; fileEncoding = 4; lastKnownFileType = sourcecode.c.h; path = EntityTest.h; sourceTree = "<group>"; };
		AFB9E3EF165A2BE20021AA4C /* EntityTest.m */ = {isa = PBXFileReference; fileEncoding = 4; lastKnownFileType = sourcecode.c.objc; path = EntityTest.m; sourceTree = "<group>"; };
		AFB9E3F0165A2BE20021AA4C /* UserTest.h */ = {isa = PBXFileReference; fileEncoding = 4; lastKnownFileType = sourcecode.c.h; path = UserTest.h; sourceTree = "<group>"; };
		AFB9E3F1165A2BE20021AA4C /* UserTest.m */ = {isa = PBXFileReference; fileEncoding = 4; lastKnownFileType = sourcecode.c.objc; path = UserTest.m; sourceTree = "<group>"; };
		AFB9E3FB165A2D7B0021AA4C /* AFHTTPClient.h */ = {isa = PBXFileReference; fileEncoding = 4; lastKnownFileType = sourcecode.c.h; name = AFHTTPClient.h; path = submodules/AFNetworking.git/AFNetworking/AFHTTPClient.h; sourceTree = "<group>"; };
		AFB9E3FC165A2D7B0021AA4C /* AFHTTPClient.m */ = {isa = PBXFileReference; fileEncoding = 4; lastKnownFileType = sourcecode.c.objc; name = AFHTTPClient.m; path = submodules/AFNetworking.git/AFNetworking/AFHTTPClient.m; sourceTree = "<group>"; };
		AFB9E3FD165A2D7B0021AA4C /* AFHTTPRequestOperation.h */ = {isa = PBXFileReference; fileEncoding = 4; lastKnownFileType = sourcecode.c.h; name = AFHTTPRequestOperation.h; path = submodules/AFNetworking.git/AFNetworking/AFHTTPRequestOperation.h; sourceTree = "<group>"; };
		AFB9E3FE165A2D7B0021AA4C /* AFHTTPRequestOperation.m */ = {isa = PBXFileReference; fileEncoding = 4; lastKnownFileType = sourcecode.c.objc; name = AFHTTPRequestOperation.m; path = submodules/AFNetworking.git/AFNetworking/AFHTTPRequestOperation.m; sourceTree = "<group>"; };
		AFB9E3FF165A2D7B0021AA4C /* AFImageRequestOperation.h */ = {isa = PBXFileReference; fileEncoding = 4; lastKnownFileType = sourcecode.c.h; name = AFImageRequestOperation.h; path = submodules/AFNetworking.git/AFNetworking/AFImageRequestOperation.h; sourceTree = "<group>"; };
		AFB9E400165A2D7B0021AA4C /* AFImageRequestOperation.m */ = {isa = PBXFileReference; fileEncoding = 4; lastKnownFileType = sourcecode.c.objc; name = AFImageRequestOperation.m; path = submodules/AFNetworking.git/AFNetworking/AFImageRequestOperation.m; sourceTree = "<group>"; };
		AFB9E401165A2D7B0021AA4C /* AFJSONRequestOperation.h */ = {isa = PBXFileReference; fileEncoding = 4; lastKnownFileType = sourcecode.c.h; name = AFJSONRequestOperation.h; path = submodules/AFNetworking.git/AFNetworking/AFJSONRequestOperation.h; sourceTree = "<group>"; };
		AFB9E402165A2D7B0021AA4C /* AFJSONRequestOperation.m */ = {isa = PBXFileReference; fileEncoding = 4; lastKnownFileType = sourcecode.c.objc; name = AFJSONRequestOperation.m; path = submodules/AFNetworking.git/AFNetworking/AFJSONRequestOperation.m; sourceTree = "<group>"; };
		AFB9E403165A2D7B0021AA4C /* AFNetworkActivityIndicatorManager.h */ = {isa = PBXFileReference; fileEncoding = 4; lastKnownFileType = sourcecode.c.h; name = AFNetworkActivityIndicatorManager.h; path = submodules/AFNetworking.git/AFNetworking/AFNetworkActivityIndicatorManager.h; sourceTree = "<group>"; };
		AFB9E404165A2D7B0021AA4C /* AFNetworkActivityIndicatorManager.m */ = {isa = PBXFileReference; fileEncoding = 4; lastKnownFileType = sourcecode.c.objc; name = AFNetworkActivityIndicatorManager.m; path = submodules/AFNetworking.git/AFNetworking/AFNetworkActivityIndicatorManager.m; sourceTree = "<group>"; };
		AFB9E405165A2D7B0021AA4C /* AFNetworking.h */ = {isa = PBXFileReference; fileEncoding = 4; lastKnownFileType = sourcecode.c.h; name = AFNetworking.h; path = submodules/AFNetworking.git/AFNetworking/AFNetworking.h; sourceTree = "<group>"; };
		AFB9E406165A2D7B0021AA4C /* AFPropertyListRequestOperation.h */ = {isa = PBXFileReference; fileEncoding = 4; lastKnownFileType = sourcecode.c.h; name = AFPropertyListRequestOperation.h; path = submodules/AFNetworking.git/AFNetworking/AFPropertyListRequestOperation.h; sourceTree = "<group>"; };
		AFB9E407165A2D7B0021AA4C /* AFPropertyListRequestOperation.m */ = {isa = PBXFileReference; fileEncoding = 4; lastKnownFileType = sourcecode.c.objc; name = AFPropertyListRequestOperation.m; path = submodules/AFNetworking.git/AFNetworking/AFPropertyListRequestOperation.m; sourceTree = "<group>"; };
		AFB9E408165A2D7B0021AA4C /* AFURLConnectionOperation.h */ = {isa = PBXFileReference; fileEncoding = 4; lastKnownFileType = sourcecode.c.h; name = AFURLConnectionOperation.h; path = submodules/AFNetworking.git/AFNetworking/AFURLConnectionOperation.h; sourceTree = "<group>"; };
		AFB9E409165A2D7B0021AA4C /* AFURLConnectionOperation.m */ = {isa = PBXFileReference; fileEncoding = 4; lastKnownFileType = sourcecode.c.objc; name = AFURLConnectionOperation.m; path = submodules/AFNetworking.git/AFNetworking/AFURLConnectionOperation.m; sourceTree = "<group>"; };
		AFB9E40A165A2D7B0021AA4C /* AFXMLRequestOperation.h */ = {isa = PBXFileReference; fileEncoding = 4; lastKnownFileType = sourcecode.c.h; name = AFXMLRequestOperation.h; path = submodules/AFNetworking.git/AFNetworking/AFXMLRequestOperation.h; sourceTree = "<group>"; };
		AFB9E40B165A2D7B0021AA4C /* AFXMLRequestOperation.m */ = {isa = PBXFileReference; fileEncoding = 4; lastKnownFileType = sourcecode.c.objc; name = AFXMLRequestOperation.m; path = submodules/AFNetworking.git/AFNetworking/AFXMLRequestOperation.m; sourceTree = "<group>"; };
		AFB9E40C165A2D7B0021AA4C /* UIImageView+AFNetworking.h */ = {isa = PBXFileReference; fileEncoding = 4; lastKnownFileType = sourcecode.c.h; name = "UIImageView+AFNetworking.h"; path = "submodules/AFNetworking.git/AFNetworking/UIImageView+AFNetworking.h"; sourceTree = "<group>"; };
		AFB9E40D165A2D7B0021AA4C /* UIImageView+AFNetworking.m */ = {isa = PBXFileReference; fileEncoding = 4; lastKnownFileType = sourcecode.c.objc; name = "UIImageView+AFNetworking.m"; path = "submodules/AFNetworking.git/AFNetworking/UIImageView+AFNetworking.m"; sourceTree = "<group>"; };
		AFB9E417165A2D850021AA4C /* JSONKit.h */ = {isa = PBXFileReference; fileEncoding = 4; lastKnownFileType = sourcecode.c.h; name = JSONKit.h; path = submodules/JSONKit.git/JSONKit.h; sourceTree = "<group>"; };
		AFB9E418165A2D850021AA4C /* JSONKit.m */ = {isa = PBXFileReference; fileEncoding = 4; lastKnownFileType = sourcecode.c.objc; name = JSONKit.m; path = submodules/JSONKit.git/JSONKit.m; sourceTree = "<group>"; };
		AFD93F07165A2B0E00FC9ED0 /* libbaas.io-ios-sdk.a */ = {isa = PBXFileReference; explicitFileType = archive.ar; includeInIndex = 0; path = "libbaas.io-ios-sdk.a"; sourceTree = BUILT_PRODUCTS_DIR; };
		AFD93F0A165A2B0E00FC9ED0 /* Foundation.framework */ = {isa = PBXFileReference; lastKnownFileType = wrapper.framework; name = Foundation.framework; path = System/Library/Frameworks/Foundation.framework; sourceTree = SDKROOT; };
		AFD93F0E165A2B0E00FC9ED0 /* baas.io-ios-sdk-Prefix.pch */ = {isa = PBXFileReference; lastKnownFileType = sourcecode.c.h; path = "baas.io-ios-sdk-Prefix.pch"; sourceTree = "<group>"; };
		AFD93F18165A2B0E00FC9ED0 /* baas.io-ios-sdkTests.octest */ = {isa = PBXFileReference; explicitFileType = wrapper.cfbundle; includeInIndex = 0; path = "baas.io-ios-sdkTests.octest"; sourceTree = BUILT_PRODUCTS_DIR; };
		AFD93F19165A2B0E00FC9ED0 /* SenTestingKit.framework */ = {isa = PBXFileReference; lastKnownFileType = wrapper.framework; name = SenTestingKit.framework; path = Library/Frameworks/SenTestingKit.framework; sourceTree = DEVELOPER_DIR; };
		AFD93F23165A2B0E00FC9ED0 /* baas.io-ios-sdkTests-Info.plist */ = {isa = PBXFileReference; lastKnownFileType = text.plist.xml; path = "baas.io-ios-sdkTests-Info.plist"; sourceTree = "<group>"; };
		AFD93F25165A2B0E00FC9ED0 /* en */ = {isa = PBXFileReference; lastKnownFileType = text.plist.strings; name = en; path = en.lproj/InfoPlist.strings; sourceTree = "<group>"; };
/* End PBXFileReference section */

/* Begin PBXFrameworksBuildPhase section */
		AFD93F04165A2B0E00FC9ED0 /* Frameworks */ = {
			isa = PBXFrameworksBuildPhase;
			buildActionMask = 2147483647;
			files = (
				AFF46363166E2C7100866306 /* MobileCoreServices.framework in Frameworks */,
				AFF46362166E2C6C00866306 /* SystemConfiguration.framework in Frameworks */,
				AFF46360166E2C4800866306 /* UIKit.framework in Frameworks */,
				AFD93F0B165A2B0E00FC9ED0 /* Foundation.framework in Frameworks */,
			);
			runOnlyForDeploymentPostprocessing = 0;
		};
		AFD93F14165A2B0E00FC9ED0 /* Frameworks */ = {
			isa = PBXFrameworksBuildPhase;
			buildActionMask = 2147483647;
			files = (
				AFF46365166E2C8C00866306 /* MobileCoreServices.framework in Frameworks */,
				AFF46364166E2C8700866306 /* SystemConfiguration.framework in Frameworks */,
				AFF46361166E2C5100866306 /* UIKit.framework in Frameworks */,
				AFD93F1A165A2B0E00FC9ED0 /* SenTestingKit.framework in Frameworks */,
				AFD93F1D165A2B0E00FC9ED0 /* Foundation.framework in Frameworks */,
				AFD93F20165A2B0E00FC9ED0 /* libbaas.io-ios-sdk.a in Frameworks */,
			);
			runOnlyForDeploymentPostprocessing = 0;
		};
/* End PBXFrameworksBuildPhase section */

/* Begin PBXGroup section */
		AFB9E3F7165A2D550021AA4C /* JSONKit */ = {
			isa = PBXGroup;
			children = (
				AFB9E417165A2D850021AA4C /* JSONKit.h */,
				AFB9E418165A2D850021AA4C /* JSONKit.m */,
			);
			name = JSONKit;
			sourceTree = "<group>";
		};
		AFB9E3F9165A2D610021AA4C /* AFNetworking */ = {
			isa = PBXGroup;
			children = (
				AFB9E3FB165A2D7B0021AA4C /* AFHTTPClient.h */,
				AFB9E3FC165A2D7B0021AA4C /* AFHTTPClient.m */,
				AFB9E3FD165A2D7B0021AA4C /* AFHTTPRequestOperation.h */,
				AFB9E3FE165A2D7B0021AA4C /* AFHTTPRequestOperation.m */,
				AFB9E3FF165A2D7B0021AA4C /* AFImageRequestOperation.h */,
				AFB9E400165A2D7B0021AA4C /* AFImageRequestOperation.m */,
				AFB9E401165A2D7B0021AA4C /* AFJSONRequestOperation.h */,
				AFB9E402165A2D7B0021AA4C /* AFJSONRequestOperation.m */,
				AFB9E403165A2D7B0021AA4C /* AFNetworkActivityIndicatorManager.h */,
				AFB9E404165A2D7B0021AA4C /* AFNetworkActivityIndicatorManager.m */,
				AFB9E405165A2D7B0021AA4C /* AFNetworking.h */,
				AFB9E406165A2D7B0021AA4C /* AFPropertyListRequestOperation.h */,
				AFB9E407165A2D7B0021AA4C /* AFPropertyListRequestOperation.m */,
				AFB9E408165A2D7B0021AA4C /* AFURLConnectionOperation.h */,
				AFB9E409165A2D7B0021AA4C /* AFURLConnectionOperation.m */,
				AFB9E40A165A2D7B0021AA4C /* AFXMLRequestOperation.h */,
				AFB9E40B165A2D7B0021AA4C /* AFXMLRequestOperation.m */,
				AFB9E40C165A2D7B0021AA4C /* UIImageView+AFNetworking.h */,
				AFB9E40D165A2D7B0021AA4C /* UIImageView+AFNetworking.m */,
			);
			name = AFNetworking;
			sourceTree = "<group>";
		};
		AFD93EFC165A2B0E00FC9ED0 = {
			isa = PBXGroup;
			children = (
				AFD93F0C165A2B0E00FC9ED0 /* baas.io-ios-sdk */,
				AFD93F21165A2B0E00FC9ED0 /* baas.io-ios-sdkTests */,
				AFD93F09165A2B0E00FC9ED0 /* Frameworks */,
				AFD93F08165A2B0E00FC9ED0 /* Products */,
			);
			sourceTree = "<group>";
		};
		AFD93F08165A2B0E00FC9ED0 /* Products */ = {
			isa = PBXGroup;
			children = (
				AFD93F07165A2B0E00FC9ED0 /* libbaas.io-ios-sdk.a */,
				AFD93F18165A2B0E00FC9ED0 /* baas.io-ios-sdkTests.octest */,
			);
			name = Products;
			sourceTree = "<group>";
		};
		AFD93F09165A2B0E00FC9ED0 /* Frameworks */ = {
			isa = PBXGroup;
			children = (
				AFB9E3F9165A2D610021AA4C /* AFNetworking */,
				AFB9E3F7165A2D550021AA4C /* JSONKit */,
				AF4FDDA5166E28E80048310C /* MobileCoreServices.framework */,
				AF4FDDA3166E28CF0048310C /* SystemConfiguration.framework */,
				AF429CCA165B4B0E001C78B5 /* UIKit.framework */,
				AFD93F0A165A2B0E00FC9ED0 /* Foundation.framework */,
				AFD93F19165A2B0E00FC9ED0 /* SenTestingKit.framework */,
			);
			name = Frameworks;
			sourceTree = "<group>";
		};
		AFD93F0C165A2B0E00FC9ED0 /* baas.io-ios-sdk */ = {
			isa = PBXGroup;
			children = (
				27F2E2A118B72209D0AB96AF /* Baas.h */,
				AFA32C22166C8A7A0076AEEC /* Baasio+Private.h */,
				AFB9E3E1165A2BDC0021AA4C /* Baasio.h */,
				AFB9E3E2165A2BDC0021AA4C /* Baasio.m */,
				AFB9E3E3165A2BDC0021AA4C /* BaasioEntity.h */,
				AFB9E3E4165A2BDC0021AA4C /* BaasioEntity.m */,
				AFB9E3E5165A2BDC0021AA4C /* BaasioQuery.h */,
				AFB9E3E6165A2BDC0021AA4C /* BaasioQuery.m */,
				AFB9E3E7165A2BDC0021AA4C /* BaasioUser.h */,
				AFB9E3E8165A2BDC0021AA4C /* BaasioUser.m */,
				27F2E4EEDBB127A400CFBA8C /* BaasioPush.h */,
				27F2EE6A9471C3869236C589 /* BaasioPush.m */,
				AF515B5C16703F930005F743 /* BaasioMessage.h */,
				AF515B5D16703F930005F743 /* BaasioMessage.m */,
				27F2EC430E1D01B6CAEE6DF4 /* BaasioFile.h */,
				27F2E73FD4A3C015370DF7A3 /* BaasioFile.m */,
				AFA3616B1676BB31009D852F /* BaasioFileOptions.h */,
				AFA3616C1676BB31009D852F /* BaasioFileOptions.m */,
				27F2E2C9DCA5E3A2FD760F2F /* BaasioResponse.h */,
				27F2E04671874480B3D59873 /* BaasioResponse.m */,
				AF244A8E16772041009524B8 /* BaasioGroup.h */,
				AF244A8F16772041009524B8 /* BaasioGroup.m */,
				AFD93F0D165A2B0E00FC9ED0 /* Supporting Files */,
			);
			path = "baas.io-ios-sdk";
			sourceTree = "<group>";
		};
		AFD93F0D165A2B0E00FC9ED0 /* Supporting Files */ = {
			isa = PBXGroup;
			children = (
				AFD93F0E165A2B0E00FC9ED0 /* baas.io-ios-sdk-Prefix.pch */,
			);
			name = "Supporting Files";
			sourceTree = "<group>";
		};
		AFD93F21165A2B0E00FC9ED0 /* baas.io-ios-sdkTests */ = {
			isa = PBXGroup;
			children = (
				AFB9E3EE165A2BE20021AA4C /* EntityTest.h */,
				AFB9E3EF165A2BE20021AA4C /* EntityTest.m */,
				AFB9E3F0165A2BE20021AA4C /* UserTest.h */,
				AFB9E3F1165A2BE20021AA4C /* UserTest.m */,
				27F2E5AE3D9F8C239E74D737 /* QueryTest.h */,
				27F2E0CBDFE8F7046AE9CD5A /* QueryTest.m */,
				27F2E94830BD93C460528B68 /* PushTest.h */,
				27F2E9910E5CEEFE958FAF32 /* PushTest.m */,
				27F2EDE6DD9FE4D30839706E /* FileTest.h */,
				27F2E22B2FFF3122F1CDEA60 /* FileTest.m */,
				AFD93F22165A2B0E00FC9ED0 /* Supporting Files */,
			);
			path = "baas.io-ios-sdkTests";
			sourceTree = "<group>";
		};
		AFD93F22165A2B0E00FC9ED0 /* Supporting Files */ = {
			isa = PBXGroup;
			children = (
				AFD93F23165A2B0E00FC9ED0 /* baas.io-ios-sdkTests-Info.plist */,
				AFD93F24165A2B0E00FC9ED0 /* InfoPlist.strings */,
			);
			name = "Supporting Files";
			sourceTree = "<group>";
		};
/* End PBXGroup section */

/* Begin PBXNativeTarget section */
		AFD93F06165A2B0E00FC9ED0 /* baas.io-ios-sdk */ = {
			isa = PBXNativeTarget;
			buildConfigurationList = AFD93F2C165A2B0E00FC9ED0 /* Build configuration list for PBXNativeTarget "baas.io-ios-sdk" */;
			buildPhases = (
				AFD93F03165A2B0E00FC9ED0 /* Sources */,
				AFD93F04165A2B0E00FC9ED0 /* Frameworks */,
				AFD93F05165A2B0E00FC9ED0 /* CopyFiles */,
			);
			buildRules = (
			);
			dependencies = (
			);
			name = "baas.io-ios-sdk";
			productName = "baas.io-ios-sdk";
			productReference = AFD93F07165A2B0E00FC9ED0 /* libbaas.io-ios-sdk.a */;
			productType = "com.apple.product-type.library.static";
		};
		AFD93F17165A2B0E00FC9ED0 /* baas.io-ios-sdkTests */ = {
			isa = PBXNativeTarget;
			buildConfigurationList = AFD93F2F165A2B0E00FC9ED0 /* Build configuration list for PBXNativeTarget "baas.io-ios-sdkTests" */;
			buildPhases = (
				AFD93F13165A2B0E00FC9ED0 /* Sources */,
				AFD93F14165A2B0E00FC9ED0 /* Frameworks */,
				AFD93F15165A2B0E00FC9ED0 /* Resources */,
				AFD93F16165A2B0E00FC9ED0 /* ShellScript */,
			);
			buildRules = (
			);
			dependencies = (
				AFD93F1F165A2B0E00FC9ED0 /* PBXTargetDependency */,
			);
			name = "baas.io-ios-sdkTests";
			productName = "baas.io-ios-sdkTests";
			productReference = AFD93F18165A2B0E00FC9ED0 /* baas.io-ios-sdkTests.octest */;
			productType = "com.apple.product-type.bundle";
		};
/* End PBXNativeTarget section */

/* Begin PBXProject section */
		AFD93EFE165A2B0E00FC9ED0 /* Project object */ = {
			isa = PBXProject;
			attributes = {
				LastUpgradeCheck = 0450;
				ORGANIZATIONNAME = kth;
			};
			buildConfigurationList = AFD93F01165A2B0E00FC9ED0 /* Build configuration list for PBXProject "baas.io-ios-sdk" */;
			compatibilityVersion = "Xcode 3.2";
			developmentRegion = English;
			hasScannedForEncodings = 0;
			knownRegions = (
				en,
			);
			mainGroup = AFD93EFC165A2B0E00FC9ED0;
			productRefGroup = AFD93F08165A2B0E00FC9ED0 /* Products */;
			projectDirPath = "";
			projectRoot = "";
			targets = (
				AFD93F06165A2B0E00FC9ED0 /* baas.io-ios-sdk */,
				AFD93F17165A2B0E00FC9ED0 /* baas.io-ios-sdkTests */,
			);
		};
/* End PBXProject section */

/* Begin PBXResourcesBuildPhase section */
		AFD93F15165A2B0E00FC9ED0 /* Resources */ = {
			isa = PBXResourcesBuildPhase;
			buildActionMask = 2147483647;
			files = (
				AFD93F26165A2B0E00FC9ED0 /* InfoPlist.strings in Resources */,
			);
			runOnlyForDeploymentPostprocessing = 0;
		};
/* End PBXResourcesBuildPhase section */

/* Begin PBXShellScriptBuildPhase section */
		AFD93F16165A2B0E00FC9ED0 /* ShellScript */ = {
			isa = PBXShellScriptBuildPhase;
			buildActionMask = 2147483647;
			files = (
			);
			inputPaths = (
			);
			outputPaths = (
			);
			runOnlyForDeploymentPostprocessing = 0;
			shellPath = /bin/sh;
			shellScript = "# Run the unit tests in this test bundle.\n\"${SYSTEM_DEVELOPER_DIR}/Tools/RunUnitTests\"\n";
		};
/* End PBXShellScriptBuildPhase section */

/* Begin PBXSourcesBuildPhase section */
		AFD93F03165A2B0E00FC9ED0 /* Sources */ = {
			isa = PBXSourcesBuildPhase;
			buildActionMask = 2147483647;
			files = (
				AFB9E3E9165A2BDC0021AA4C /* Baasio.m in Sources */,
				AFB9E3EA165A2BDC0021AA4C /* BaasioEntity.m in Sources */,
				AFB9E3EB165A2BDC0021AA4C /* BaasioQuery.m in Sources */,
				AFB9E3EC165A2BDC0021AA4C /* BaasioUser.m in Sources */,
				AFB9E40E165A2D7B0021AA4C /* AFHTTPClient.m in Sources */,
				AFB9E40F165A2D7B0021AA4C /* AFHTTPRequestOperation.m in Sources */,
				AFB9E410165A2D7B0021AA4C /* AFImageRequestOperation.m in Sources */,
				AFB9E411165A2D7B0021AA4C /* AFJSONRequestOperation.m in Sources */,
				AFB9E412165A2D7B0021AA4C /* AFNetworkActivityIndicatorManager.m in Sources */,
				AFB9E413165A2D7B0021AA4C /* AFPropertyListRequestOperation.m in Sources */,
				AFB9E414165A2D7B0021AA4C /* AFURLConnectionOperation.m in Sources */,
				AFB9E415165A2D7B0021AA4C /* AFXMLRequestOperation.m in Sources */,
				AFB9E416165A2D7B0021AA4C /* UIImageView+AFNetworking.m in Sources */,
				AFB9E419165A2D850021AA4C /* JSONKit.m in Sources */,
				27F2EF1CA361D24482B8CDE9 /* BaasioPush.m in Sources */,
				27F2E0637105682525BF88B4 /* BaasioFile.m in Sources */,
				AF515B5E16703F930005F743 /* BaasioMessage.m in Sources */,
				AFA3616D1676BB31009D852F /* BaasioFileOptions.m in Sources */,
				AF244A9016772041009524B8 /* BaasioGroup.m in Sources */,
			);
			runOnlyForDeploymentPostprocessing = 0;
		};
		AFD93F13165A2B0E00FC9ED0 /* Sources */ = {
			isa = PBXSourcesBuildPhase;
			buildActionMask = 2147483647;
			files = (
				AF26A27F166667F5006A7225 /* JSONKit.m in Sources */,
				AFB9E3F2165A2BE20021AA4C /* EntityTest.m in Sources */,
				AFB9E3F3165A2BE20021AA4C /* UserTest.m in Sources */,
				27F2E1F9925413D92226BBDA /* QueryTest.m in Sources */,
				27F2EC15535C57DE1BB54EC2 /* PushTest.m in Sources */,
				27F2E0195C0A4CC3D57C60FD /* FileTest.m in Sources */,
				27F2E4A35AD03BDF2A1A9910 /* BaasioResponse.m in Sources */,
			);
			runOnlyForDeploymentPostprocessing = 0;
		};
/* End PBXSourcesBuildPhase section */

/* Begin PBXTargetDependency section */
		AFD93F1F165A2B0E00FC9ED0 /* PBXTargetDependency */ = {
			isa = PBXTargetDependency;
			target = AFD93F06165A2B0E00FC9ED0 /* baas.io-ios-sdk */;
			targetProxy = AFD93F1E165A2B0E00FC9ED0 /* PBXContainerItemProxy */;
		};
/* End PBXTargetDependency section */

/* Begin PBXVariantGroup section */
		AFD93F24165A2B0E00FC9ED0 /* InfoPlist.strings */ = {
			isa = PBXVariantGroup;
			children = (
				AFD93F25165A2B0E00FC9ED0 /* en */,
			);
			name = InfoPlist.strings;
			sourceTree = "<group>";
		};
/* End PBXVariantGroup section */

/* Begin XCBuildConfiguration section */
		AFD93F2A165A2B0E00FC9ED0 /* Debug */ = {
			isa = XCBuildConfiguration;
			buildSettings = {
				ALWAYS_SEARCH_USER_PATHS = NO;
				CLANG_CXX_LANGUAGE_STANDARD = "gnu++0x";
				CLANG_CXX_LIBRARY = "libc++";
				CLANG_ENABLE_OBJC_ARC = YES;
				CLANG_WARN_EMPTY_BODY = YES;
				CLANG_WARN__DUPLICATE_METHOD_MATCH = YES;
				COPY_PHASE_STRIP = NO;
				GCC_C_LANGUAGE_STANDARD = gnu99;
				GCC_DYNAMIC_NO_PIC = NO;
				GCC_OPTIMIZATION_LEVEL = 0;
				GCC_PREPROCESSOR_DEFINITIONS = (
					"DEBUG=1",
					"$(inherited)",
				);
				GCC_SYMBOLS_PRIVATE_EXTERN = NO;
				GCC_WARN_ABOUT_RETURN_TYPE = YES;
				GCC_WARN_UNINITIALIZED_AUTOS = YES;
				GCC_WARN_UNUSED_VARIABLE = YES;
				IPHONEOS_DEPLOYMENT_TARGET = 6.0;
				ONLY_ACTIVE_ARCH = YES;
				SDKROOT = iphoneos;
			};
			name = Debug;
		};
		AFD93F2B165A2B0E00FC9ED0 /* Release */ = {
			isa = XCBuildConfiguration;
			buildSettings = {
				ALWAYS_SEARCH_USER_PATHS = NO;
				CLANG_CXX_LANGUAGE_STANDARD = "gnu++0x";
				CLANG_CXX_LIBRARY = "libc++";
				CLANG_ENABLE_OBJC_ARC = YES;
				CLANG_WARN_EMPTY_BODY = YES;
				CLANG_WARN__DUPLICATE_METHOD_MATCH = YES;
				COPY_PHASE_STRIP = YES;
				GCC_C_LANGUAGE_STANDARD = gnu99;
				GCC_WARN_ABOUT_RETURN_TYPE = YES;
				GCC_WARN_UNINITIALIZED_AUTOS = YES;
				GCC_WARN_UNUSED_VARIABLE = YES;
				IPHONEOS_DEPLOYMENT_TARGET = 6.0;
				SDKROOT = iphoneos;
				VALIDATE_PRODUCT = YES;
			};
			name = Release;
		};
		AFD93F2D165A2B0E00FC9ED0 /* Debug */ = {
			isa = XCBuildConfiguration;
			buildSettings = {
				ARCHS = (
					"$(ARCHS_STANDARD_32_BIT)",
					i386,
					armv6,
				);
				DSTROOT = /tmp/baas_io_ios_sdk.dst;
				GCC_PRECOMPILE_PREFIX_HEADER = YES;
				GCC_PREFIX_HEADER = "baas.io-ios-sdk/baas.io-ios-sdk-Prefix.pch";
				GCC_THUMB_SUPPORT = NO;
				IPHONEOS_DEPLOYMENT_TARGET = 5.0;
				ONLY_ACTIVE_ARCH = NO;
				OTHER_LDFLAGS = "-ObjC";
				PRODUCT_NAME = "$(TARGET_NAME)";
				SKIP_INSTALL = YES;
			};
			name = Debug;
		};
		AFD93F2E165A2B0E00FC9ED0 /* Release */ = {
			isa = XCBuildConfiguration;
			buildSettings = {
				ARCHS = (
					"$(ARCHS_STANDARD_32_BIT)",
					i386,
					armv6,
				);
				DSTROOT = /tmp/baas_io_ios_sdk.dst;
				GCC_PRECOMPILE_PREFIX_HEADER = YES;
				GCC_PREFIX_HEADER = "baas.io-ios-sdk/baas.io-ios-sdk-Prefix.pch";
				GCC_THUMB_SUPPORT = NO;
				IPHONEOS_DEPLOYMENT_TARGET = 5.0;
				ONLY_ACTIVE_ARCH = NO;
				OTHER_LDFLAGS = "-ObjC";
				PRODUCT_NAME = "$(TARGET_NAME)";
				SKIP_INSTALL = YES;
			};
			name = Release;
		};
		AFD93F30165A2B0E00FC9ED0 /* Debug */ = {
			isa = XCBuildConfiguration;
			buildSettings = {
				ARCHS = (
					armv7s,
					armv7,
				);
				FRAMEWORK_SEARCH_PATHS = (
					"\"$(SDKROOT)/Developer/Library/Frameworks\"",
					"\"$(DEVELOPER_LIBRARY_DIR)/Frameworks\"",
				);
				GCC_PRECOMPILE_PREFIX_HEADER = YES;
				GCC_PREFIX_HEADER = "baas.io-ios-sdk/baas.io-ios-sdk-Prefix.pch";
				GCC_PREPROCESSOR_DEFINITIONS = (
					"DEBUG=1",
					"$(inherited)",
					UNIT_TEST,
				);
				INFOPLIST_FILE = "baas.io-ios-sdkTests/baas.io-ios-sdkTests-Info.plist";
				IPHONEOS_DEPLOYMENT_TARGET = 5.0;
				ONLY_ACTIVE_ARCH = YES;
				OTHER_CFLAGS = "";
				PRODUCT_NAME = "$(TARGET_NAME)";
				VALID_ARCHS = "armv7 armv7s";
				WRAPPER_EXTENSION = octest;
			};
			name = Debug;
		};
		AFD93F31165A2B0E00FC9ED0 /* Release */ = {
			isa = XCBuildConfiguration;
			buildSettings = {
				ARCHS = (
					armv7s,
					armv7,
				);
				FRAMEWORK_SEARCH_PATHS = (
					"\"$(SDKROOT)/Developer/Library/Frameworks\"",
					"\"$(DEVELOPER_LIBRARY_DIR)/Frameworks\"",
				);
				GCC_PRECOMPILE_PREFIX_HEADER = YES;
				GCC_PREFIX_HEADER = "baas.io-ios-sdk/baas.io-ios-sdk-Prefix.pch";
				INFOPLIST_FILE = "baas.io-ios-sdkTests/baas.io-ios-sdkTests-Info.plist";
				IPHONEOS_DEPLOYMENT_TARGET = 5.0;
				ONLY_ACTIVE_ARCH = YES;
				OTHER_CFLAGS = "";
				PRODUCT_NAME = "$(TARGET_NAME)";
				VALID_ARCHS = "armv7 armv7s";
				WRAPPER_EXTENSION = octest;
			};
			name = Release;
		};
/* End XCBuildConfiguration section */

/* Begin XCConfigurationList section */
		AFD93F01165A2B0E00FC9ED0 /* Build configuration list for PBXProject "baas.io-ios-sdk" */ = {
			isa = XCConfigurationList;
			buildConfigurations = (
				AFD93F2A165A2B0E00FC9ED0 /* Debug */,
				AFD93F2B165A2B0E00FC9ED0 /* Release */,
			);
			defaultConfigurationIsVisible = 0;
			defaultConfigurationName = Release;
		};
		AFD93F2C165A2B0E00FC9ED0 /* Build configuration list for PBXNativeTarget "baas.io-ios-sdk" */ = {
			isa = XCConfigurationList;
			buildConfigurations = (
				AFD93F2D165A2B0E00FC9ED0 /* Debug */,
				AFD93F2E165A2B0E00FC9ED0 /* Release */,
			);
			defaultConfigurationIsVisible = 0;
			defaultConfigurationName = Release;
		};
		AFD93F2F165A2B0E00FC9ED0 /* Build configuration list for PBXNativeTarget "baas.io-ios-sdkTests" */ = {
			isa = XCConfigurationList;
			buildConfigurations = (
				AFD93F30165A2B0E00FC9ED0 /* Debug */,
				AFD93F31165A2B0E00FC9ED0 /* Release */,
			);
			defaultConfigurationIsVisible = 0;
			defaultConfigurationName = Release;
		};
/* End XCConfigurationList section */
	};
	rootObject = AFD93EFE165A2B0E00FC9ED0 /* Project object */;
}
